
Microsoft Visual Studio Solution File, Format Version 12.00
# Visual Studio Version 17
VisualStudioVersion = 17.4.33205.214
MinimumVisualStudioVersion = 10.0.40219.1
Project("{FAE04EC0-301F-11D3-BF4B-00C04F79EFBC}") = "ConsoleApp10", "ConsoleApp10\ConsoleApp10.csproj", "{15424FBE-7BA0-4B1B-B42B-E5E074E76B1D}"
EndProject
Global
	GlobalSection(SolutionConfigurationPlatforms) = preSolution
		Debug|Any CPU = Debug|Any CPU
		Release|Any CPU = Release|Any CPU
	EndGlobalSection
	GlobalSection(ProjectConfigurationPlatforms) = postSolution
		{15424FBE-7BA0-4B1B-B42B-E5E074E76B1D}.Debug|Any CPU.ActiveCfg = Debug|Any CPU
		{15424FBE-7BA0-4B1B-B42B-E5E074E76B1D}.Debug|Any CPU.Build.0 = Debug|Any CPU
		{15424FBE-7BA0-4B1B-B42B-E5E074E76B1D}.Release|Any CPU.ActiveCfg = Release|Any CPU
		{15424FBE-7BA0-4B1B-B42B-E5E074E76B1D}.Release|Any CPU.Build.0 = Release|Any CPU
	EndGlobalSection
	GlobalSection(SolutionProperties) = preSolution
		HideSolutionNode = FALSE
	EndGlobalSection
	GlobalSection(ExtensibilityGlobals) = postSolution
		SolutionGuid = {E6C115C5-6FCB-45AF-A99D-319E9DA6DCDC}
	EndGlobalSection
EndGlobal
